// !$*UTF8*$!
{
	archiveVersion = 1;
	classes = {
	};
	objectVersion = 50;
	objects = {

/* Begin PBXBuildFile section */
		470C3663243E97CD00BF3F36 /* RollViewController.swift in Sources */ = {isa = PBXBuildFile; fileRef = 470C3662243E97CD00BF3F36 /* RollViewController.swift */; };
		470C3665243E981100BF3F36 /* DiceViewController.swift in Sources */ = {isa = PBXBuildFile; fileRef = 470C3664243E981100BF3F36 /* DiceViewController.swift */; };
		470C3668243EB38500BF3F36 /* RoshamboSelectorController.swift in Sources */ = {isa = PBXBuildFile; fileRef = 470C3667243EB38500BF3F36 /* RoshamboSelectorController.swift */; };
		470C366A243EB39B00BF3F36 /* RoshamboResultController.swift in Sources */ = {isa = PBXBuildFile; fileRef = 470C3669243EB39B00BF3F36 /* RoshamboResultController.swift */; };
		470C3688243F8A8600BF3F36 /* RashamboGame.swift in Sources */ = {isa = PBXBuildFile; fileRef = 470C3687243F8A8600BF3F36 /* RashamboGame.swift */; };
		470C368B2440D91800BF3F36 /* EmojiTextFieldDelegate.swift in Sources */ = {isa = PBXBuildFile; fileRef = 470C368A2440D91800BF3F36 /* EmojiTextFieldDelegate.swift */; };
		470C368D2440D94000BF3F36 /* ColorizerTextFieldDelegate.swift in Sources */ = {isa = PBXBuildFile; fileRef = 470C368C2440D94000BF3F36 /* ColorizerTextFieldDelegate.swift */; };
		470C36902440D9A800BF3F36 /* TextDelegateController.swift in Sources */ = {isa = PBXBuildFile; fileRef = 470C368F2440D9A800BF3F36 /* TextDelegateController.swift */; };
		470C36922440E11E00BF3F36 /* RandomColorTextFieldDelegate.swift in Sources */ = {isa = PBXBuildFile; fileRef = 470C36912440E11E00BF3F36 /* RandomColorTextFieldDelegate.swift */; };
		470C3694244103AA00BF3F36 /* ZipcodeTextFieldDelegate.swift in Sources */ = {isa = PBXBuildFile; fileRef = 470C3693244103AA00BF3F36 /* ZipcodeTextFieldDelegate.swift */; };
		470C369624410CF700BF3F36 /* ChashTextFieldDelegate.swift in Sources */ = {isa = PBXBuildFile; fileRef = 470C369524410CF700BF3F36 /* ChashTextFieldDelegate.swift */; };
		472B7A232447B414000A79D9 /* VillianData.swift in Sources */ = {isa = PBXBuildFile; fileRef = 472B7A222447B414000A79D9 /* VillianData.swift */; };
		472B7A252447B5BC000A79D9 /* VillansViewController.swift in Sources */ = {isa = PBXBuildFile; fileRef = 472B7A242447B5BC000A79D9 /* VillansViewController.swift */; };
		472B7A2724480BCC000A79D9 /* GamePlayHistoryController.swift in Sources */ = {isa = PBXBuildFile; fileRef = 472B7A2624480BCC000A79D9 /* GamePlayHistoryController.swift */; };
		472B7A29244902F3000A79D9 /* GamePlay.swift in Sources */ = {isa = PBXBuildFile; fileRef = 472B7A28244902F3000A79D9 /* GamePlay.swift */; };
		473EA5D9244CC8EF0021E9E6 /* VillainDetailViewController.swift in Sources */ = {isa = PBXBuildFile; fileRef = 473EA5D8244CC8EF0021E9E6 /* VillainDetailViewController.swift */; };
		4741C372243D545D00285342 /* ColorSliderMixerController.swift in Sources */ = {isa = PBXBuildFile; fileRef = 4741C371243D545D00285342 /* ColorSliderMixerController.swift */; };
		4741C374243D734100285342 /* NavigationController.swift in Sources */ = {isa = PBXBuildFile; fileRef = 4741C373243D734100285342 /* NavigationController.swift */; };
		47AE7AD72446AAA80093C604 /* TableController.swift in Sources */ = {isa = PBXBuildFile; fileRef = 47AE7AD62446AAA80093C604 /* TableController.swift */; };
		47CDCB442438ECF4002AC858 /* AppDelegate.swift in Sources */ = {isa = PBXBuildFile; fileRef = 47CDCB432438ECF4002AC858 /* AppDelegate.swift */; };
		47CDCB462438ECF4002AC858 /* SceneDelegate.swift in Sources */ = {isa = PBXBuildFile; fileRef = 47CDCB452438ECF4002AC858 /* SceneDelegate.swift */; };
		47CDCB482438ECF4002AC858 /* ClickCounterController.swift in Sources */ = {isa = PBXBuildFile; fileRef = 47CDCB472438ECF4002AC858 /* ClickCounterController.swift */; };
		47CDCB4B2438ECF4002AC858 /* Main.storyboard in Resources */ = {isa = PBXBuildFile; fileRef = 47CDCB492438ECF4002AC858 /* Main.storyboard */; settings = {ASSET_TAGS = (rock, ); }; };
		47CDCB4D2438ECF5002AC858 /* Assets.xcassets in Resources */ = {isa = PBXBuildFile; fileRef = 47CDCB4C2438ECF5002AC858 /* Assets.xcassets */; };
		47CDCB502438ECF5002AC858 /* LaunchScreen.storyboard in Resources */ = {isa = PBXBuildFile; fileRef = 47CDCB4E2438ECF5002AC858 /* LaunchScreen.storyboard */; };
		47CDCB5B2438ECF5002AC858 /* ClickCounterTests.swift in Sources */ = {isa = PBXBuildFile; fileRef = 47CDCB5A2438ECF5002AC858 /* ClickCounterTests.swift */; };
		47CDCB662438ECF5002AC858 /* ClickCounterUITests.swift in Sources */ = {isa = PBXBuildFile; fileRef = 47CDCB652438ECF5002AC858 /* ClickCounterUITests.swift */; };
		47CDCB74243921DD002AC858 /* ColorMixerController.swift in Sources */ = {isa = PBXBuildFile; fileRef = 47CDCB73243921DD002AC858 /* ColorMixerController.swift */; };
/* End PBXBuildFile section */

/* Begin PBXContainerItemProxy section */
		47CDCB572438ECF5002AC858 /* PBXContainerItemProxy */ = {
			isa = PBXContainerItemProxy;
			containerPortal = 47CDCB382438ECF4002AC858 /* Project object */;
			proxyType = 1;
			remoteGlobalIDString = 47CDCB3F2438ECF4002AC858;
			remoteInfo = ClickCounter;
		};
		47CDCB622438ECF5002AC858 /* PBXContainerItemProxy */ = {
			isa = PBXContainerItemProxy;
			containerPortal = 47CDCB382438ECF4002AC858 /* Project object */;
			proxyType = 1;
			remoteGlobalIDString = 47CDCB3F2438ECF4002AC858;
			remoteInfo = ClickCounter;
		};
/* End PBXContainerItemProxy section */

/* Begin PBXFileReference section */
		470C3662243E97CD00BF3F36 /* RollViewController.swift */ = {isa = PBXFileReference; lastKnownFileType = sourcecode.swift; path = RollViewController.swift; sourceTree = "<group>"; };
		470C3664243E981100BF3F36 /* DiceViewController.swift */ = {isa = PBXFileReference; lastKnownFileType = sourcecode.swift; path = DiceViewController.swift; sourceTree = "<group>"; };
		470C3667243EB38500BF3F36 /* RoshamboSelectorController.swift */ = {isa = PBXFileReference; lastKnownFileType = sourcecode.swift; path = RoshamboSelectorController.swift; sourceTree = "<group>"; };
		470C3669243EB39B00BF3F36 /* RoshamboResultController.swift */ = {isa = PBXFileReference; lastKnownFileType = sourcecode.swift; path = RoshamboResultController.swift; sourceTree = "<group>"; };
		470C3687243F8A8600BF3F36 /* RashamboGame.swift */ = {isa = PBXFileReference; lastKnownFileType = sourcecode.swift; path = RashamboGame.swift; sourceTree = "<group>"; };
		470C368A2440D91800BF3F36 /* EmojiTextFieldDelegate.swift */ = {isa = PBXFileReference; lastKnownFileType = sourcecode.swift; path = EmojiTextFieldDelegate.swift; sourceTree = "<group>"; };
		470C368C2440D94000BF3F36 /* ColorizerTextFieldDelegate.swift */ = {isa = PBXFileReference; lastKnownFileType = sourcecode.swift; path = ColorizerTextFieldDelegate.swift; sourceTree = "<group>"; };
		470C368F2440D9A800BF3F36 /* TextDelegateController.swift */ = {isa = PBXFileReference; lastKnownFileType = sourcecode.swift; path = TextDelegateController.swift; sourceTree = "<group>"; };
		470C36912440E11E00BF3F36 /* RandomColorTextFieldDelegate.swift */ = {isa = PBXFileReference; lastKnownFileType = sourcecode.swift; path = RandomColorTextFieldDelegate.swift; sourceTree = "<group>"; };
		470C3693244103AA00BF3F36 /* ZipcodeTextFieldDelegate.swift */ = {isa = PBXFileReference; lastKnownFileType = sourcecode.swift; path = ZipcodeTextFieldDelegate.swift; sourceTree = "<group>"; };
		470C369524410CF700BF3F36 /* ChashTextFieldDelegate.swift */ = {isa = PBXFileReference; lastKnownFileType = sourcecode.swift; path = ChashTextFieldDelegate.swift; sourceTree = "<group>"; };
		472B7A222447B414000A79D9 /* VillianData.swift */ = {isa = PBXFileReference; lastKnownFileType = sourcecode.swift; path = VillianData.swift; sourceTree = "<group>"; };
		472B7A242447B5BC000A79D9 /* VillansViewController.swift */ = {isa = PBXFileReference; lastKnownFileType = sourcecode.swift; path = VillansViewController.swift; sourceTree = "<group>"; };
		472B7A2624480BCC000A79D9 /* GamePlayHistoryController.swift */ = {isa = PBXFileReference; lastKnownFileType = sourcecode.swift; path = GamePlayHistoryController.swift; sourceTree = "<group>"; };
		472B7A28244902F3000A79D9 /* GamePlay.swift */ = {isa = PBXFileReference; lastKnownFileType = sourcecode.swift; path = GamePlay.swift; sourceTree = "<group>"; };
		473EA5D8244CC8EF0021E9E6 /* VillainDetailViewController.swift */ = {isa = PBXFileReference; lastKnownFileType = sourcecode.swift; path = VillainDetailViewController.swift; sourceTree = "<group>"; };
		4741C371243D545D00285342 /* ColorSliderMixerController.swift */ = {isa = PBXFileReference; lastKnownFileType = sourcecode.swift; path = ColorSliderMixerController.swift; sourceTree = "<group>"; };
		4741C373243D734100285342 /* NavigationController.swift */ = {isa = PBXFileReference; lastKnownFileType = sourcecode.swift; path = NavigationController.swift; sourceTree = "<group>"; };
		47AE7AD62446AAA80093C604 /* TableController.swift */ = {isa = PBXFileReference; lastKnownFileType = sourcecode.swift; path = TableController.swift; sourceTree = "<group>"; };
		47CDCB402438ECF4002AC858 /* ClickCounter.app */ = {isa = PBXFileReference; explicitFileType = wrapper.application; includeInIndex = 0; path = ClickCounter.app; sourceTree = BUILT_PRODUCTS_DIR; };
		47CDCB432438ECF4002AC858 /* AppDelegate.swift */ = {isa = PBXFileReference; lastKnownFileType = sourcecode.swift; path = AppDelegate.swift; sourceTree = "<group>"; };
		47CDCB452438ECF4002AC858 /* SceneDelegate.swift */ = {isa = PBXFileReference; lastKnownFileType = sourcecode.swift; path = SceneDelegate.swift; sourceTree = "<group>"; };
		47CDCB472438ECF4002AC858 /* ClickCounterController.swift */ = {isa = PBXFileReference; lastKnownFileType = sourcecode.swift; path = ClickCounterController.swift; sourceTree = "<group>"; };
		47CDCB4A2438ECF4002AC858 /* Base */ = {isa = PBXFileReference; lastKnownFileType = file.storyboard; name = Base; path = Base.lproj/Main.storyboard; sourceTree = "<group>"; };
		47CDCB4C2438ECF5002AC858 /* Assets.xcassets */ = {isa = PBXFileReference; lastKnownFileType = folder.assetcatalog; path = Assets.xcassets; sourceTree = "<group>"; };
		47CDCB4F2438ECF5002AC858 /* Base */ = {isa = PBXFileReference; lastKnownFileType = file.storyboard; name = Base; path = Base.lproj/LaunchScreen.storyboard; sourceTree = "<group>"; };
		47CDCB512438ECF5002AC858 /* Info.plist */ = {isa = PBXFileReference; lastKnownFileType = text.plist.xml; path = Info.plist; sourceTree = "<group>"; };
		47CDCB562438ECF5002AC858 /* ClickCounterTests.xctest */ = {isa = PBXFileReference; explicitFileType = wrapper.cfbundle; includeInIndex = 0; path = ClickCounterTests.xctest; sourceTree = BUILT_PRODUCTS_DIR; };
		47CDCB5A2438ECF5002AC858 /* ClickCounterTests.swift */ = {isa = PBXFileReference; lastKnownFileType = sourcecode.swift; path = ClickCounterTests.swift; sourceTree = "<group>"; };
		47CDCB5C2438ECF5002AC858 /* Info.plist */ = {isa = PBXFileReference; lastKnownFileType = text.plist.xml; path = Info.plist; sourceTree = "<group>"; };
		47CDCB612438ECF5002AC858 /* ClickCounterUITests.xctest */ = {isa = PBXFileReference; explicitFileType = wrapper.cfbundle; includeInIndex = 0; path = ClickCounterUITests.xctest; sourceTree = BUILT_PRODUCTS_DIR; };
		47CDCB652438ECF5002AC858 /* ClickCounterUITests.swift */ = {isa = PBXFileReference; lastKnownFileType = sourcecode.swift; path = ClickCounterUITests.swift; sourceTree = "<group>"; };
		47CDCB672438ECF5002AC858 /* Info.plist */ = {isa = PBXFileReference; lastKnownFileType = text.plist.xml; path = Info.plist; sourceTree = "<group>"; };
		47CDCB73243921DD002AC858 /* ColorMixerController.swift */ = {isa = PBXFileReference; lastKnownFileType = sourcecode.swift; path = ColorMixerController.swift; sourceTree = "<group>"; };
/* End PBXFileReference section */

/* Begin PBXFrameworksBuildPhase section */
		47CDCB3D2438ECF4002AC858 /* Frameworks */ = {
			isa = PBXFrameworksBuildPhase;
			buildActionMask = 2147483647;
			files = (
			);
			runOnlyForDeploymentPostprocessing = 0;
		};
		47CDCB532438ECF5002AC858 /* Frameworks */ = {
			isa = PBXFrameworksBuildPhase;
			buildActionMask = 2147483647;
			files = (
			);
			runOnlyForDeploymentPostprocessing = 0;
		};
		47CDCB5E2438ECF5002AC858 /* Frameworks */ = {
			isa = PBXFrameworksBuildPhase;
			buildActionMask = 2147483647;
			files = (
			);
			runOnlyForDeploymentPostprocessing = 0;
		};
/* End PBXFrameworksBuildPhase section */

/* Begin PBXGroup section */
		470C3661243E978100BF3F36 /* RollDice */ = {
			isa = PBXGroup;
			children = (
				470C3662243E97CD00BF3F36 /* RollViewController.swift */,
				470C3664243E981100BF3F36 /* DiceViewController.swift */,
			);
			path = RollDice;
			sourceTree = "<group>";
		};
		470C3666243EB36C00BF3F36 /* Roshambo */ = {
			isa = PBXGroup;
			children = (
				470C3686243F8A0800BF3F36 /* model */,
				470C3667243EB38500BF3F36 /* RoshamboSelectorController.swift */,
				470C3669243EB39B00BF3F36 /* RoshamboResultController.swift */,
				472B7A2624480BCC000A79D9 /* GamePlayHistoryController.swift */,
			);
			path = Roshambo;
			sourceTree = "<group>";
		};
		470C3686243F8A0800BF3F36 /* model */ = {
			isa = PBXGroup;
			children = (
				470C3687243F8A8600BF3F36 /* RashamboGame.swift */,
				472B7A28244902F3000A79D9 /* GamePlay.swift */,
			);
			path = model;
			sourceTree = "<group>";
		};
		470C36892440D8F600BF3F36 /* TextDelelegate */ = {
			isa = PBXGroup;
			children = (
				470C368E2440D97B00BF3F36 /* delegates */,
				470C368F2440D9A800BF3F36 /* TextDelegateController.swift */,
			);
			path = TextDelelegate;
			sourceTree = "<group>";
		};
		470C368E2440D97B00BF3F36 /* delegates */ = {
			isa = PBXGroup;
			children = (
				470C368A2440D91800BF3F36 /* EmojiTextFieldDelegate.swift */,
				470C368C2440D94000BF3F36 /* ColorizerTextFieldDelegate.swift */,
				470C36912440E11E00BF3F36 /* RandomColorTextFieldDelegate.swift */,
				470C3693244103AA00BF3F36 /* ZipcodeTextFieldDelegate.swift */,
				470C369524410CF700BF3F36 /* ChashTextFieldDelegate.swift */,
			);
			path = delegates;
			sourceTree = "<group>";
		};
		470C36972442706000BF3F36 /* ClickCounter */ = {
			isa = PBXGroup;
			children = (
				47CDCB472438ECF4002AC858 /* ClickCounterController.swift */,
			);
			path = ClickCounter;
			sourceTree = "<group>";
		};
		470C3698244270B500BF3F36 /* ColorMixer */ = {
			isa = PBXGroup;
			children = (
				47CDCB73243921DD002AC858 /* ColorMixerController.swift */,
				4741C371243D545D00285342 /* ColorSliderMixerController.swift */,
			);
			path = ColorMixer;
			sourceTree = "<group>";
		};
		470C3699244270D300BF3F36 /* Navigation */ = {
			isa = PBXGroup;
			children = (
				4741C373243D734100285342 /* NavigationController.swift */,
			);
			path = Navigation;
			sourceTree = "<group>";
		};
		472B7A212447B3E4000A79D9 /* villans-bond */ = {
			isa = PBXGroup;
			children = (
				472B7A222447B414000A79D9 /* VillianData.swift */,
				472B7A242447B5BC000A79D9 /* VillansViewController.swift */,
				473EA5D8244CC8EF0021E9E6 /* VillainDetailViewController.swift */,
			);
			path = "villans-bond";
			sourceTree = "<group>";
		};
		47AE7AD52446AA740093C604 /* Tables */ = {
			isa = PBXGroup;
			children = (
				472B7A212447B3E4000A79D9 /* villans-bond */,
				47AE7AD62446AAA80093C604 /* TableController.swift */,
			);
			path = Tables;
			sourceTree = "<group>";
		};
		47CDCB372438ECF4002AC858 = {
			isa = PBXGroup;
			children = (
				47CDCB422438ECF4002AC858 /* ClickCounter */,
				47CDCB592438ECF5002AC858 /* ClickCounterTests */,
				47CDCB642438ECF5002AC858 /* ClickCounterUITests */,
				47CDCB412438ECF4002AC858 /* Products */,
			);
			sourceTree = "<group>";
		};
		47CDCB412438ECF4002AC858 /* Products */ = {
			isa = PBXGroup;
			children = (
				47CDCB402438ECF4002AC858 /* ClickCounter.app */,
				47CDCB562438ECF5002AC858 /* ClickCounterTests.xctest */,
				47CDCB612438ECF5002AC858 /* ClickCounterUITests.xctest */,
			);
			name = Products;
			sourceTree = "<group>";
		};
		47CDCB422438ECF4002AC858 /* ClickCounter */ = {
			isa = PBXGroup;
			children = (
				47AE7AD52446AA740093C604 /* Tables */,
				470C3699244270D300BF3F36 /* Navigation */,
				470C3698244270B500BF3F36 /* ColorMixer */,
				470C36972442706000BF3F36 /* ClickCounter */,
				470C36892440D8F600BF3F36 /* TextDelelegate */,
				470C3666243EB36C00BF3F36 /* Roshambo */,
				470C3661243E978100BF3F36 /* RollDice */,
				47CDCB432438ECF4002AC858 /* AppDelegate.swift */,
				47CDCB452438ECF4002AC858 /* SceneDelegate.swift */,
				47CDCB492438ECF4002AC858 /* Main.storyboard */,
				47CDCB4C2438ECF5002AC858 /* Assets.xcassets */,
				47CDCB4E2438ECF5002AC858 /* LaunchScreen.storyboard */,
				47CDCB512438ECF5002AC858 /* Info.plist */,
			);
			path = ClickCounter;
			sourceTree = "<group>";
		};
		47CDCB592438ECF5002AC858 /* ClickCounterTests */ = {
			isa = PBXGroup;
			children = (
				47CDCB5A2438ECF5002AC858 /* ClickCounterTests.swift */,
				47CDCB5C2438ECF5002AC858 /* Info.plist */,
			);
			path = ClickCounterTests;
			sourceTree = "<group>";
		};
		47CDCB642438ECF5002AC858 /* ClickCounterUITests */ = {
			isa = PBXGroup;
			children = (
				47CDCB652438ECF5002AC858 /* ClickCounterUITests.swift */,
				47CDCB672438ECF5002AC858 /* Info.plist */,
			);
			path = ClickCounterUITests;
			sourceTree = "<group>";
		};
/* End PBXGroup section */

/* Begin PBXNativeTarget section */
		47CDCB3F2438ECF4002AC858 /* ClickCounter */ = {
			isa = PBXNativeTarget;
			buildConfigurationList = 47CDCB6A2438ECF5002AC858 /* Build configuration list for PBXNativeTarget "ClickCounter" */;
			buildPhases = (
				47CDCB3C2438ECF4002AC858 /* Sources */,
				47CDCB3D2438ECF4002AC858 /* Frameworks */,
				47CDCB3E2438ECF4002AC858 /* Resources */,
			);
			buildRules = (
			);
			dependencies = (
			);
			name = ClickCounter;
			productName = ClickCounter;
			productReference = 47CDCB402438ECF4002AC858 /* ClickCounter.app */;
			productType = "com.apple.product-type.application";
		};
		47CDCB552438ECF5002AC858 /* ClickCounterTests */ = {
			isa = PBXNativeTarget;
			buildConfigurationList = 47CDCB6D2438ECF5002AC858 /* Build configuration list for PBXNativeTarget "ClickCounterTests" */;
			buildPhases = (
				47CDCB522438ECF5002AC858 /* Sources */,
				47CDCB532438ECF5002AC858 /* Frameworks */,
				47CDCB542438ECF5002AC858 /* Resources */,
			);
			buildRules = (
			);
			dependencies = (
				47CDCB582438ECF5002AC858 /* PBXTargetDependency */,
			);
			name = ClickCounterTests;
			productName = ClickCounterTests;
			productReference = 47CDCB562438ECF5002AC858 /* ClickCounterTests.xctest */;
			productType = "com.apple.product-type.bundle.unit-test";
		};
		47CDCB602438ECF5002AC858 /* ClickCounterUITests */ = {
			isa = PBXNativeTarget;
			buildConfigurationList = 47CDCB702438ECF5002AC858 /* Build configuration list for PBXNativeTarget "ClickCounterUITests" */;
			buildPhases = (
				47CDCB5D2438ECF5002AC858 /* Sources */,
				47CDCB5E2438ECF5002AC858 /* Frameworks */,
				47CDCB5F2438ECF5002AC858 /* Resources */,
			);
			buildRules = (
			);
			dependencies = (
				47CDCB632438ECF5002AC858 /* PBXTargetDependency */,
			);
			name = ClickCounterUITests;
			productName = ClickCounterUITests;
			productReference = 47CDCB612438ECF5002AC858 /* ClickCounterUITests.xctest */;
			productType = "com.apple.product-type.bundle.ui-testing";
		};
/* End PBXNativeTarget section */

/* Begin PBXProject section */
		47CDCB382438ECF4002AC858 /* Project object */ = {
			isa = PBXProject;
			attributes = {
				KnownAssetTags = (
					rock,
				);
				LastSwiftUpdateCheck = 1130;
				LastUpgradeCheck = 1130;
				ORGANIZATIONNAME = "juan ocampo";
				TargetAttributes = {
					47CDCB3F2438ECF4002AC858 = {
						CreatedOnToolsVersion = 11.3.1;
					};
					47CDCB552438ECF5002AC858 = {
						CreatedOnToolsVersion = 11.3.1;
						TestTargetID = 47CDCB3F2438ECF4002AC858;
					};
					47CDCB602438ECF5002AC858 = {
						CreatedOnToolsVersion = 11.3.1;
						TestTargetID = 47CDCB3F2438ECF4002AC858;
					};
				};
			};
			buildConfigurationList = 47CDCB3B2438ECF4002AC858 /* Build configuration list for PBXProject "ClickCounter" */;
			compatibilityVersion = "Xcode 9.3";
			developmentRegion = en;
			hasScannedForEncodings = 0;
			knownRegions = (
				en,
				Base,
			);
			mainGroup = 47CDCB372438ECF4002AC858;
			productRefGroup = 47CDCB412438ECF4002AC858 /* Products */;
			projectDirPath = "";
			projectRoot = "";
			targets = (
				47CDCB3F2438ECF4002AC858 /* ClickCounter */,
				47CDCB552438ECF5002AC858 /* ClickCounterTests */,
				47CDCB602438ECF5002AC858 /* ClickCounterUITests */,
			);
		};
/* End PBXProject section */

/* Begin PBXResourcesBuildPhase section */
		47CDCB3E2438ECF4002AC858 /* Resources */ = {
			isa = PBXResourcesBuildPhase;
			buildActionMask = 2147483647;
			files = (
				47CDCB502438ECF5002AC858 /* LaunchScreen.storyboard in Resources */,
				47CDCB4D2438ECF5002AC858 /* Assets.xcassets in Resources */,
				47CDCB4B2438ECF4002AC858 /* Main.storyboard in Resources */,
			);
			runOnlyForDeploymentPostprocessing = 0;
		};
		47CDCB542438ECF5002AC858 /* Resources */ = {
			isa = PBXResourcesBuildPhase;
			buildActionMask = 2147483647;
			files = (
			);
			runOnlyForDeploymentPostprocessing = 0;
		};
		47CDCB5F2438ECF5002AC858 /* Resources */ = {
			isa = PBXResourcesBuildPhase;
			buildActionMask = 2147483647;
			files = (
			);
			runOnlyForDeploymentPostprocessing = 0;
		};
/* End PBXResourcesBuildPhase section */

/* Begin PBXSourcesBuildPhase section */
		47CDCB3C2438ECF4002AC858 /* Sources */ = {
			isa = PBXSourcesBuildPhase;
			buildActionMask = 2147483647;
			files = (
				47CDCB482438ECF4002AC858 /* ClickCounterController.swift in Sources */,
				4741C374243D734100285342 /* NavigationController.swift in Sources */,
				470C3688243F8A8600BF3F36 /* RashamboGame.swift in Sources */,
				47CDCB74243921DD002AC858 /* ColorMixerController.swift in Sources */,
				470C366A243EB39B00BF3F36 /* RoshamboResultController.swift in Sources */,
				470C3663243E97CD00BF3F36 /* RollViewController.swift in Sources */,
				472B7A2724480BCC000A79D9 /* GamePlayHistoryController.swift in Sources */,
				472B7A232447B414000A79D9 /* VillianData.swift in Sources */,
				47CDCB442438ECF4002AC858 /* AppDelegate.swift in Sources */,
				470C3668243EB38500BF3F36 /* RoshamboSelectorController.swift in Sources */,
				4741C372243D545D00285342 /* ColorSliderMixerController.swift in Sources */,
				472B7A29244902F3000A79D9 /* GamePlay.swift in Sources */,
				473EA5D9244CC8EF0021E9E6 /* VillainDetailViewController.swift in Sources */,
				47CDCB462438ECF4002AC858 /* SceneDelegate.swift in Sources */,
				470C3665243E981100BF3F36 /* DiceViewController.swift in Sources */,
				470C3694244103AA00BF3F36 /* ZipcodeTextFieldDelegate.swift in Sources */,
				47AE7AD72446AAA80093C604 /* TableController.swift in Sources */,
				470C36902440D9A800BF3F36 /* TextDelegateController.swift in Sources */,
				470C368B2440D91800BF3F36 /* EmojiTextFieldDelegate.swift in Sources */,
				470C369624410CF700BF3F36 /* ChashTextFieldDelegate.swift in Sources */,
				470C368D2440D94000BF3F36 /* ColorizerTextFieldDelegate.swift in Sources */,
				472B7A252447B5BC000A79D9 /* VillansViewController.swift in Sources */,
				470C36922440E11E00BF3F36 /* RandomColorTextFieldDelegate.swift in Sources */,
			);
			runOnlyForDeploymentPostprocessing = 0;
		};
		47CDCB522438ECF5002AC858 /* Sources */ = {
			isa = PBXSourcesBuildPhase;
			buildActionMask = 2147483647;
			files = (
				47CDCB5B2438ECF5002AC858 /* ClickCounterTests.swift in Sources */,
			);
			runOnlyForDeploymentPostprocessing = 0;
		};
		47CDCB5D2438ECF5002AC858 /* Sources */ = {
			isa = PBXSourcesBuildPhase;
			buildActionMask = 2147483647;
			files = (
				47CDCB662438ECF5002AC858 /* ClickCounterUITests.swift in Sources */,
			);
			runOnlyForDeploymentPostprocessing = 0;
		};
/* End PBXSourcesBuildPhase section */

/* Begin PBXTargetDependency section */
		47CDCB582438ECF5002AC858 /* PBXTargetDependency */ = {
			isa = PBXTargetDependency;
			target = 47CDCB3F2438ECF4002AC858 /* ClickCounter */;
			targetProxy = 47CDCB572438ECF5002AC858 /* PBXContainerItemProxy */;
		};
		47CDCB632438ECF5002AC858 /* PBXTargetDependency */ = {
			isa = PBXTargetDependency;
			target = 47CDCB3F2438ECF4002AC858 /* ClickCounter */;
			targetProxy = 47CDCB622438ECF5002AC858 /* PBXContainerItemProxy */;
		};
/* End PBXTargetDependency section */

/* Begin PBXVariantGroup section */
		47CDCB492438ECF4002AC858 /* Main.storyboard */ = {
			isa = PBXVariantGroup;
			children = (
				47CDCB4A2438ECF4002AC858 /* Base */,
			);
			name = Main.storyboard;
			sourceTree = "<group>";
		};
		47CDCB4E2438ECF5002AC858 /* LaunchScreen.storyboard */ = {
			isa = PBXVariantGroup;
			children = (
				47CDCB4F2438ECF5002AC858 /* Base */,
			);
			name = LaunchScreen.storyboard;
			sourceTree = "<group>";
		};
/* End PBXVariantGroup section */

/* Begin XCBuildConfiguration section */
		47CDCB682438ECF5002AC858 /* Debug */ = {
			isa = XCBuildConfiguration;
			buildSettings = {
				ALWAYS_SEARCH_USER_PATHS = NO;
				CLANG_ANALYZER_NONNULL = YES;
				CLANG_ANALYZER_NUMBER_OBJECT_CONVERSION = YES_AGGRESSIVE;
				CLANG_CXX_LANGUAGE_STANDARD = "gnu++14";
				CLANG_CXX_LIBRARY = "libc++";
				CLANG_ENABLE_MODULES = YES;
				CLANG_ENABLE_OBJC_ARC = YES;
				CLANG_ENABLE_OBJC_WEAK = YES;
				CLANG_WARN_BLOCK_CAPTURE_AUTORELEASING = YES;
				CLANG_WARN_BOOL_CONVERSION = YES;
				CLANG_WARN_COMMA = YES;
				CLANG_WARN_CONSTANT_CONVERSION = YES;
				CLANG_WARN_DEPRECATED_OBJC_IMPLEMENTATIONS = YES;
				CLANG_WARN_DIRECT_OBJC_ISA_USAGE = YES_ERROR;
				CLANG_WARN_DOCUMENTATION_COMMENTS = YES;
				CLANG_WARN_EMPTY_BODY = YES;
				CLANG_WARN_ENUM_CONVERSION = YES;
				CLANG_WARN_INFINITE_RECURSION = YES;
				CLANG_WARN_INT_CONVERSION = YES;
				CLANG_WARN_NON_LITERAL_NULL_CONVERSION = YES;
				CLANG_WARN_OBJC_IMPLICIT_RETAIN_SELF = YES;
				CLANG_WARN_OBJC_LITERAL_CONVERSION = YES;
				CLANG_WARN_OBJC_ROOT_CLASS = YES_ERROR;
				CLANG_WARN_RANGE_LOOP_ANALYSIS = YES;
				CLANG_WARN_STRICT_PROTOTYPES = YES;
				CLANG_WARN_SUSPICIOUS_MOVE = YES;
				CLANG_WARN_UNGUARDED_AVAILABILITY = YES_AGGRESSIVE;
				CLANG_WARN_UNREACHABLE_CODE = YES;
				CLANG_WARN__DUPLICATE_METHOD_MATCH = YES;
				COPY_PHASE_STRIP = NO;
				DEBUG_INFORMATION_FORMAT = dwarf;
				ENABLE_STRICT_OBJC_MSGSEND = YES;
				ENABLE_TESTABILITY = YES;
				GCC_C_LANGUAGE_STANDARD = gnu11;
				GCC_DYNAMIC_NO_PIC = NO;
				GCC_NO_COMMON_BLOCKS = YES;
				GCC_OPTIMIZATION_LEVEL = 0;
				GCC_PREPROCESSOR_DEFINITIONS = (
					"DEBUG=1",
					"$(inherited)",
				);
				GCC_WARN_64_TO_32_BIT_CONVERSION = YES;
				GCC_WARN_ABOUT_RETURN_TYPE = YES_ERROR;
				GCC_WARN_UNDECLARED_SELECTOR = YES;
				GCC_WARN_UNINITIALIZED_AUTOS = YES_AGGRESSIVE;
				GCC_WARN_UNUSED_FUNCTION = YES;
				GCC_WARN_UNUSED_VARIABLE = YES;
				IPHONEOS_DEPLOYMENT_TARGET = 13.2;
				MTL_ENABLE_DEBUG_INFO = INCLUDE_SOURCE;
				MTL_FAST_MATH = YES;
				ONLY_ACTIVE_ARCH = YES;
				SDKROOT = iphoneos;
				SWIFT_ACTIVE_COMPILATION_CONDITIONS = DEBUG;
				SWIFT_OPTIMIZATION_LEVEL = "-Onone";
			};
			name = Debug;
		};
		47CDCB692438ECF5002AC858 /* Release */ = {
			isa = XCBuildConfiguration;
			buildSettings = {
				ALWAYS_SEARCH_USER_PATHS = NO;
				CLANG_ANALYZER_NONNULL = YES;
				CLANG_ANALYZER_NUMBER_OBJECT_CONVERSION = YES_AGGRESSIVE;
				CLANG_CXX_LANGUAGE_STANDARD = "gnu++14";
				CLANG_CXX_LIBRARY = "libc++";
				CLANG_ENABLE_MODULES = YES;
				CLANG_ENABLE_OBJC_ARC = YES;
				CLANG_ENABLE_OBJC_WEAK = YES;
				CLANG_WARN_BLOCK_CAPTURE_AUTORELEASING = YES;
				CLANG_WARN_BOOL_CONVERSION = YES;
				CLANG_WARN_COMMA = YES;
				CLANG_WARN_CONSTANT_CONVERSION = YES;
				CLANG_WARN_DEPRECATED_OBJC_IMPLEMENTATIONS = YES;
				CLANG_WARN_DIRECT_OBJC_ISA_USAGE = YES_ERROR;
				CLANG_WARN_DOCUMENTATION_COMMENTS = YES;
				CLANG_WARN_EMPTY_BODY = YES;
				CLANG_WARN_ENUM_CONVERSION = YES;
				CLANG_WARN_INFINITE_RECURSION = YES;
				CLANG_WARN_INT_CONVERSION = YES;
				CLANG_WARN_NON_LITERAL_NULL_CONVERSION = YES;
				CLANG_WARN_OBJC_IMPLICIT_RETAIN_SELF = YES;
				CLANG_WARN_OBJC_LITERAL_CONVERSION = YES;
				CLANG_WARN_OBJC_ROOT_CLASS = YES_ERROR;
				CLANG_WARN_RANGE_LOOP_ANALYSIS = YES;
				CLANG_WARN_STRICT_PROTOTYPES = YES;
				CLANG_WARN_SUSPICIOUS_MOVE = YES;
				CLANG_WARN_UNGUARDED_AVAILABILITY = YES_AGGRESSIVE;
				CLANG_WARN_UNREACHABLE_CODE = YES;
				CLANG_WARN__DUPLICATE_METHOD_MATCH = YES;
				COPY_PHASE_STRIP = NO;
				DEBUG_INFORMATION_FORMAT = "dwarf-with-dsym";
				ENABLE_NS_ASSERTIONS = NO;
				ENABLE_STRICT_OBJC_MSGSEND = YES;
				GCC_C_LANGUAGE_STANDARD = gnu11;
				GCC_NO_COMMON_BLOCKS = YES;
				GCC_WARN_64_TO_32_BIT_CONVERSION = YES;
				GCC_WARN_ABOUT_RETURN_TYPE = YES_ERROR;
				GCC_WARN_UNDECLARED_SELECTOR = YES;
				GCC_WARN_UNINITIALIZED_AUTOS = YES_AGGRESSIVE;
				GCC_WARN_UNUSED_FUNCTION = YES;
				GCC_WARN_UNUSED_VARIABLE = YES;
				IPHONEOS_DEPLOYMENT_TARGET = 13.2;
				MTL_ENABLE_DEBUG_INFO = NO;
				MTL_FAST_MATH = YES;
				SDKROOT = iphoneos;
				SWIFT_COMPILATION_MODE = wholemodule;
				SWIFT_OPTIMIZATION_LEVEL = "-O";
				VALIDATE_PRODUCT = YES;
			};
			name = Release;
		};
		47CDCB6B2438ECF5002AC858 /* Debug */ = {
			isa = XCBuildConfiguration;
			buildSettings = {
				ASSETCATALOG_COMPILER_APPICON_NAME = AppIcon;
				CODE_SIGN_STYLE = Automatic;
				INFOPLIST_FILE = ClickCounter/Info.plist;
				LD_RUNPATH_SEARCH_PATHS = (
					"$(inherited)",
					"@executable_path/Frameworks",
				);
				PRODUCT_BUNDLE_IDENTIFIER = Ocampo.ClickCounter;
				PRODUCT_NAME = "$(TARGET_NAME)";
				SWIFT_VERSION = 5.0;
				TARGETED_DEVICE_FAMILY = "1,2";
			};
			name = Debug;
		};
		47CDCB6C2438ECF5002AC858 /* Release */ = {
			isa = XCBuildConfiguration;
			buildSettings = {
				ASSETCATALOG_COMPILER_APPICON_NAME = AppIcon;
				CODE_SIGN_STYLE = Automatic;
				INFOPLIST_FILE = ClickCounter/Info.plist;
				LD_RUNPATH_SEARCH_PATHS = (
					"$(inherited)",
					"@executable_path/Frameworks",
				);
				PRODUCT_BUNDLE_IDENTIFIER = Ocampo.ClickCounter;
				PRODUCT_NAME = "$(TARGET_NAME)";
				SWIFT_VERSION = 5.0;
				TARGETED_DEVICE_FAMILY = "1,2";
			};
			name = Release;
		};
		47CDCB6E2438ECF5002AC858 /* Debug */ = {
			isa = XCBuildConfiguration;
			buildSettings = {
				ALWAYS_EMBED_SWIFT_STANDARD_LIBRARIES = YES;
				BUNDLE_LOADER = "$(TEST_HOST)";
				CODE_SIGN_STYLE = Automatic;
				INFOPLIST_FILE = ClickCounterTests/Info.plist;
				IPHONEOS_DEPLOYMENT_TARGET = 13.2;
				LD_RUNPATH_SEARCH_PATHS = (
					"$(inherited)",
					"@executable_path/Frameworks",
					"@loader_path/Frameworks",
				);
				PRODUCT_BUNDLE_IDENTIFIER = Ocampo.ClickCounterTests;
				PRODUCT_NAME = "$(TARGET_NAME)";
				SWIFT_VERSION = 5.0;
				TARGETED_DEVICE_FAMILY = "1,2";
				TEST_HOST = "$(BUILT_PRODUCTS_DIR)/ClickCounter.app/ClickCounter";
			};
			name = Debug;
		};
		47CDCB6F2438ECF5002AC858 /* Release */ = {
			isa = XCBuildConfiguration;
			buildSettings = {
				ALWAYS_EMBED_SWIFT_STANDARD_LIBRARIES = YES;
				BUNDLE_LOADER = "$(TEST_HOST)";
				CODE_SIGN_STYLE = Automatic;
				INFOPLIST_FILE = ClickCounterTests/Info.plist;
				IPHONEOS_DEPLOYMENT_TARGET = 13.2;
				LD_RUNPATH_SEARCH_PATHS = (
					"$(inherited)",
					"@executable_path/Frameworks",
					"@loader_path/Frameworks",
				);
				PRODUCT_BUNDLE_IDENTIFIER = Ocampo.ClickCounterTests;
				PRODUCT_NAME = "$(TARGET_NAME)";
				SWIFT_VERSION = 5.0;
				TARGETED_DEVICE_FAMILY = "1,2";
				TEST_HOST = "$(BUILT_PRODUCTS_DIR)/ClickCounter.app/ClickCounter";
			};
			name = Release;
		};
		47CDCB712438ECF5002AC858 /* Debug */ = {
			isa = XCBuildConfiguration;
			buildSettings = {
				ALWAYS_EMBED_SWIFT_STANDARD_LIBRARIES = YES;
				CODE_SIGN_STYLE = Automatic;
				INFOPLIST_FILE = ClickCounterUITests/Info.plist;
				LD_RUNPATH_SEARCH_PATHS = (
					"$(inherited)",
					"@executable_path/Frameworks",
					"@loader_path/Frameworks",
				);
				PRODUCT_BUNDLE_IDENTIFIER = Ocampo.ClickCounterUITests;
				PRODUCT_NAME = "$(TARGET_NAME)";
				SWIFT_VERSION = 5.0;
				TARGETED_DEVICE_FAMILY = "1,2";
				TEST_TARGET_NAME = ClickCounter;
			};
			name = Debug;
		};
		47CDCB722438ECF5002AC858 /* Release */ = {
			isa = XCBuildConfiguration;
			buildSettings = {
				ALWAYS_EMBED_SWIFT_STANDARD_LIBRARIES = YES;
				CODE_SIGN_STYLE = Automatic;
				INFOPLIST_FILE = ClickCounterUITests/Info.plist;
				LD_RUNPATH_SEARCH_PATHS = (
					"$(inherited)",
					"@executable_path/Frameworks",
					"@loader_path/Frameworks",
				);
				PRODUCT_BUNDLE_IDENTIFIER = Ocampo.ClickCounterUITests;
				PRODUCT_NAME = "$(TARGET_NAME)";
				SWIFT_VERSION = 5.0;
				TARGETED_DEVICE_FAMILY = "1,2";
				TEST_TARGET_NAME = ClickCounter;
			};
			name = Release;
		};
/* End XCBuildConfiguration section */

/* Begin XCConfigurationList section */
		47CDCB3B2438ECF4002AC858 /* Build configuration list for PBXProject "ClickCounter" */ = {
			isa = XCConfigurationList;
			buildConfigurations = (
				47CDCB682438ECF5002AC858 /* Debug */,
				47CDCB692438ECF5002AC858 /* Release */,
			);
			defaultConfigurationIsVisible = 0;
			defaultConfigurationName = Release;
		};
		47CDCB6A2438ECF5002AC858 /* Build configuration list for PBXNativeTarget "ClickCounter" */ = {
			isa = XCConfigurationList;
			buildConfigurations = (
				47CDCB6B2438ECF5002AC858 /* Debug */,
				47CDCB6C2438ECF5002AC858 /* Release */,
			);
			defaultConfigurationIsVisible = 0;
			defaultConfigurationName = Release;
		};
		47CDCB6D2438ECF5002AC858 /* Build configuration list for PBXNativeTarget "ClickCounterTests" */ = {
			isa = XCConfigurationList;
			buildConfigurations = (
				47CDCB6E2438ECF5002AC858 /* Debug */,
				47CDCB6F2438ECF5002AC858 /* Release */,
			);
			defaultConfigurationIsVisible = 0;
			defaultConfigurationName = Release;
		};
		47CDCB702438ECF5002AC858 /* Build configuration list for PBXNativeTarget "ClickCounterUITests" */ = {
			isa = XCConfigurationList;
			buildConfigurations = (
				47CDCB712438ECF5002AC858 /* Debug */,
				47CDCB722438ECF5002AC858 /* Release */,
			);
			defaultConfigurationIsVisible = 0;
			defaultConfigurationName = Release;
		};
/* End XCConfigurationList section */
	};
	rootObject = 47CDCB382438ECF4002AC858 /* Project object */;
}
